
Microsoft Visual Studio Solution File, Format Version 12.00
# Visual Studio Version 17
VisualStudioVersion = 17.10.35027.167
MinimumVisualStudioVersion = 10.0.40219.1
Project("{FAE04EC0-301F-11D3-BF4B-00C04F79EFBC}") = "DemoBlazorWasm.Server", "Server\DemoBlazorWasm.Server.csproj", "{A6A19956-8918-494B-B61B-68726F17F41E}"
EndProject
Project("{FAE04EC0-301F-11D3-BF4B-00C04F79EFBC}") = "DemoBlazorWasm.Client", "Client\DemoBlazorWasm.Client.csproj", "{52E36CC6-5A32-491D-945C-9B99DEA46037}"
EndProject
Project("{FAE04EC0-301F-11D3-BF4B-00C04F79EFBC}") = "DemoBlazorWasm.Shared", "Shared\DemoBlazorWasm.Shared.csproj", "{F3A4B368-BE0D-4E23-8AAD-6C955CD91A57}"
EndProject
Global
	GlobalSection(SolutionConfigurationPlatforms) = preSolution
		Debug|Any CPU = Debug|Any CPU
		Release|Any CPU = Release|Any CPU
	EndGlobalSection
	GlobalSection(ProjectConfigurationPlatforms) = postSolution
		{A6A19956-8918-494B-B61B-68726F17F41E}.Debug|Any CPU.ActiveCfg = Debug|Any CPU
		{A6A19956-8918-494B-B61B-68726F17F41E}.Debug|Any CPU.Build.0 = Debug|Any CPU
		{A6A19956-8918-494B-B61B-68726F17F41E}.Release|Any CPU.ActiveCfg = Release|Any CPU
		{A6A19956-8918-494B-B61B-68726F17F41E}.Release|Any CPU.Build.0 = Release|Any CPU
		{52E36CC6-5A32-491D-945C-9B99DEA46037}.Debug|Any CPU.ActiveCfg = Debug|Any CPU
		{52E36CC6-5A32-491D-945C-9B99DEA46037}.Debug|Any CPU.Build.0 = Debug|Any CPU
		{52E36CC6-5A32-491D-945C-9B99DEA46037}.Release|Any CPU.ActiveCfg = Release|Any CPU
		{52E36CC6-5A32-491D-945C-9B99DEA46037}.Release|Any CPU.Build.0 = Release|Any CPU
		{F3A4B368-BE0D-4E23-8AAD-6C955CD91A57}.Debug|Any CPU.ActiveCfg = Debug|Any CPU
		{F3A4B368-BE0D-4E23-8AAD-6C955CD91A57}.Debug|Any CPU.Build.0 = Debug|Any CPU
		{F3A4B368-BE0D-4E23-8AAD-6C955CD91A57}.Release|Any CPU.ActiveCfg = Release|Any CPU
		{F3A4B368-BE0D-4E23-8AAD-6C955CD91A57}.Release|Any CPU.Build.0 = Release|Any CPU
	EndGlobalSection
	GlobalSection(SolutionProperties) = preSolution
		HideSolutionNode = FALSE
	EndGlobalSection
	GlobalSection(ExtensibilityGlobals) = postSolution
		SolutionGuid = {51B4EAC1-72AE-4CBF-8CCE-38D10AAC7F50}
	EndGlobalSection
EndGlobal
